
Microsoft Visual Studio Solution File, Format Version 12.00
# Visual Studio 15
Project("{FAE04EC0-301F-11D3-BF4B-00C04F79EFBC}") = "Day2_LA", "Day2_LA\Day2_LA.csproj", "{B172EB24-E6D8-4D04-838D-C3E1C623866D}"
EndProject
Global
	GlobalSection(SolutionConfigurationPlatforms) = preSolution
		Debug|Any CPU = Debug|Any CPU
		Release|Any CPU = Release|Any CPU
	EndGlobalSection
	GlobalSection(ProjectConfigurationPlatforms) = postSolution
		{B172EB24-E6D8-4D04-838D-C3E1C623866D}.Debug|Any CPU.ActiveCfg = Debug|Any CPU
		{B172EB24-E6D8-4D04-838D-C3E1C623866D}.Debug|Any CPU.Build.0 = Debug|Any CPU
		{B172EB24-E6D8-4D04-838D-C3E1C623866D}.Release|Any CPU.ActiveCfg = Release|Any CPU
		{B172EB24-E6D8-4D04-838D-C3E1C623866D}.Release|Any CPU.Build.0 = Release|Any CPU
	EndGlobalSection
EndGlobal
