
Microsoft Visual Studio Solution File, Format Version 12.00
# Visual Studio 15
Project("{FAE04EC0-301F-11D3-BF4B-00C04F79EFBC}") = "Day5_Task01", "Day5_Task01\Day5_Task01.csproj", "{87B4DB9D-C1B8-4831-89F6-711E5A63DB66}"
EndProject
Global
	GlobalSection(SolutionConfigurationPlatforms) = preSolution
		Debug|Any CPU = Debug|Any CPU
		Release|Any CPU = Release|Any CPU
	EndGlobalSection
	GlobalSection(ProjectConfigurationPlatforms) = postSolution
		{87B4DB9D-C1B8-4831-89F6-711E5A63DB66}.Debug|Any CPU.ActiveCfg = Debug|Any CPU
		{87B4DB9D-C1B8-4831-89F6-711E5A63DB66}.Debug|Any CPU.Build.0 = Debug|Any CPU
		{87B4DB9D-C1B8-4831-89F6-711E5A63DB66}.Release|Any CPU.ActiveCfg = Release|Any CPU
		{87B4DB9D-C1B8-4831-89F6-711E5A63DB66}.Release|Any CPU.Build.0 = Release|Any CPU
	EndGlobalSection
EndGlobal
